
Microsoft Visual Studio Solution File, Format Version 12.00
# Visual Studio Version 17
VisualStudioVersion = 17.11.35222.181
MinimumVisualStudioVersion = 10.0.40219.1
Project("{FAE04EC0-301F-11D3-BF4B-00C04F79EFBC}") = "lms-server", "lms-server\lms-server.csproj", "{FA53EB58-451A-475A-A6D7-A06D602B9E10}"
EndProject
Global
	GlobalSection(SolutionConfigurationPlatforms) = preSolution
		Debug|Any CPU = Debug|Any CPU
		Release|Any CPU = Release|Any CPU
	EndGlobalSection
	GlobalSection(ProjectConfigurationPlatforms) = postSolution
		{FA53EB58-451A-475A-A6D7-A06D602B9E10}.Debug|Any CPU.ActiveCfg = Debug|Any CPU
		{FA53EB58-451A-475A-A6D7-A06D602B9E10}.Debug|Any CPU.Build.0 = Debug|Any CPU
		{FA53EB58-451A-475A-A6D7-A06D602B9E10}.Release|Any CPU.ActiveCfg = Release|Any CPU
		{FA53EB58-451A-475A-A6D7-A06D602B9E10}.Release|Any CPU.Build.0 = Release|Any CPU
	EndGlobalSection
	GlobalSection(SolutionProperties) = preSolution
		HideSolutionNode = FALSE
	EndGlobalSection
	GlobalSection(ExtensibilityGlobals) = postSolution
		SolutionGuid = {889B0579-9BFB-4DBA-8E15-0ACEBCE5062F}
	EndGlobalSection
EndGlobal
